
Microsoft Visual Studio Solution File, Format Version 12.00
# Visual Studio Version 16
VisualStudioVersion = 16.0.31424.327
MinimumVisualStudioVersion = 10.0.40219.1
Project("{9A19103F-16F7-4668-BE54-9A1E7A4F7556}") = "golion", "golion\golion.csproj", "{41347BCA-56FC-4451-B368-2C99885D7CA1}"
EndProject
Project("{9A19103F-16F7-4668-BE54-9A1E7A4F7556}") = "golion-test", "golion-test\golion-test.csproj", "{1B467286-DE1A-421B-8AF4-409EB0F08802}"
	ProjectSection(ProjectDependencies) = postProject
		{5298091F-4E3A-4A45-92FC-44AD8B07C3C2} = {5298091F-4E3A-4A45-92FC-44AD8B07C3C2}
		{6C9D0921-B0E8-4C5A-B734-253DC438E922} = {6C9D0921-B0E8-4C5A-B734-253DC438E922}
		{372C11AE-A446-4B4F-9F64-8E1754DC56D4} = {372C11AE-A446-4B4F-9F64-8E1754DC56D4}
	EndProjectSection
EndProject
Project("{9A19103F-16F7-4668-BE54-9A1E7A4F7556}") = "golion.calc", "golion.calc\golion.calc.csproj", "{6C9D0921-B0E8-4C5A-B734-253DC438E922}"
EndProject
Project("{9A19103F-16F7-4668-BE54-9A1E7A4F7556}") = "golion.calc.aaasoft", "golion.calc.aaasoft\golion.calc.aaasoft.csproj", "{5298091F-4E3A-4A45-92FC-44AD8B07C3C2}"
EndProject
Project("{FAE04EC0-301F-11D3-BF4B-00C04F79EFBC}") = "golion.console", "golion.console\golion.console.csproj", "{372C11AE-A446-4B4F-9F64-8E1754DC56D4}"
EndProject
Global
	GlobalSection(SolutionConfigurationPlatforms) = preSolution
		Debug|Any CPU = Debug|Any CPU
		Release|Any CPU = Release|Any CPU
	EndGlobalSection
	GlobalSection(ProjectConfigurationPlatforms) = postSolution
		{41347BCA-56FC-4451-B368-2C99885D7CA1}.Debug|Any CPU.ActiveCfg = Debug|Any CPU
		{41347BCA-56FC-4451-B368-2C99885D7CA1}.Debug|Any CPU.Build.0 = Debug|Any CPU
		{41347BCA-56FC-4451-B368-2C99885D7CA1}.Release|Any CPU.ActiveCfg = Release|Any CPU
		{41347BCA-56FC-4451-B368-2C99885D7CA1}.Release|Any CPU.Build.0 = Release|Any CPU
		{1B467286-DE1A-421B-8AF4-409EB0F08802}.Debug|Any CPU.ActiveCfg = Debug|Any CPU
		{1B467286-DE1A-421B-8AF4-409EB0F08802}.Debug|Any CPU.Build.0 = Debug|Any CPU
		{1B467286-DE1A-421B-8AF4-409EB0F08802}.Release|Any CPU.ActiveCfg = Release|Any CPU
		{1B467286-DE1A-421B-8AF4-409EB0F08802}.Release|Any CPU.Build.0 = Release|Any CPU
		{6C9D0921-B0E8-4C5A-B734-253DC438E922}.Debug|Any CPU.ActiveCfg = Debug|Any CPU
		{6C9D0921-B0E8-4C5A-B734-253DC438E922}.Debug|Any CPU.Build.0 = Debug|Any CPU
		{6C9D0921-B0E8-4C5A-B734-253DC438E922}.Release|Any CPU.ActiveCfg = Release|Any CPU
		{6C9D0921-B0E8-4C5A-B734-253DC438E922}.Release|Any CPU.Build.0 = Release|Any CPU
		{5298091F-4E3A-4A45-92FC-44AD8B07C3C2}.Debug|Any CPU.ActiveCfg = Debug|Any CPU
		{5298091F-4E3A-4A45-92FC-44AD8B07C3C2}.Debug|Any CPU.Build.0 = Debug|Any CPU
		{5298091F-4E3A-4A45-92FC-44AD8B07C3C2}.Release|Any CPU.ActiveCfg = Release|Any CPU
		{5298091F-4E3A-4A45-92FC-44AD8B07C3C2}.Release|Any CPU.Build.0 = Release|Any CPU
		{372C11AE-A446-4B4F-9F64-8E1754DC56D4}.Debug|Any CPU.ActiveCfg = Debug|Any CPU
		{372C11AE-A446-4B4F-9F64-8E1754DC56D4}.Debug|Any CPU.Build.0 = Debug|Any CPU
		{372C11AE-A446-4B4F-9F64-8E1754DC56D4}.Release|Any CPU.ActiveCfg = Release|Any CPU
		{372C11AE-A446-4B4F-9F64-8E1754DC56D4}.Release|Any CPU.Build.0 = Release|Any CPU
	EndGlobalSection
	GlobalSection(SolutionProperties) = preSolution
		HideSolutionNode = FALSE
	EndGlobalSection
	GlobalSection(ExtensibilityGlobals) = postSolution
		SolutionGuid = {6C1A19EC-6CE2-4B82-A89E-912A9AA49A3E}
	EndGlobalSection
EndGlobal
